schema: '2.0'
stages:
  process_data:
    cmd: python training/src/process.py
    deps:
    - path: config/main.yaml
      md5: 5db6650005ebf1225920e1164c3d9d19
      size: 716
    - path: data/raw
      md5: 4fab2c71b869451ea58f8c4aeb16b2b3.dir
      size: 195247
      nfiles: 2
    - path: training/src/process.py
      md5: c4c1be8b0fbe8e3d8f082e8c184c6288
      size: 1433
    outs:
    - path: data/processed
      md5: 51b8b1094218074679391fd59a18ed6f.dir
      size: 153771
      nfiles: 5
  train_model:
    cmd: python training/src/train_model.py
    deps:
    - path: config/main.yaml
      md5: 5db6650005ebf1225920e1164c3d9d19
      size: 716
    - path: data/processed
      md5: 51b8b1094218074679391fd59a18ed6f.dir
      size: 153771
      nfiles: 5
    - path: training/src/train_model.py
      md5: aed2ac144f5709275c27cce037908853
      size: 3299
    outs:
    - path: models/xgboost
      md5: b8ff23bbee1184ac2b1529b7cbfefc11
      size: 22142
  evaluate_model:
    cmd: python training/src/evaluate_model.py
    deps:
    - path: config/main.yaml
      md5: 5db6650005ebf1225920e1164c3d9d19
      size: 716
    - path: data/processed
      md5: 51b8b1094218074679391fd59a18ed6f.dir
      size: 153771
      nfiles: 5
    - path: models/xgboost
      md5: b8ff23bbee1184ac2b1529b7cbfefc11
      size: 22142
    - path: training/src/evaluate_model.py
      md5: a0c3e0b0bb08f7208d8ff4e782a38058
      size: 1957
