schema: '2.0'
stages:
  process_data:
    cmd: python src/process.py
    deps:
    - path: config/main.yaml
      md5: aa537d42e3ee6091046c11af005ad4ab
      size: 716
    - path: config/process
      md5: d851ce603caeba63f69b38a8b07ea56f.dir
      size: 225
      nfiles: 2
    - path: data/raw
      md5: 4fab2c71b869451ea58f8c4aeb16b2b3.dir
      size: 195247
      nfiles: 2
    - path: src/process.py
      md5: 9fc9e32f8872808b44104a7d0832647e
      size: 1682
    outs:
    - path: data/processed
      md5: 5961fa11f7aee4b7fee8bec728c5acf8.dir
      size: 172411
      nfiles: 5
  train_model:
    cmd: python src/train_model.py
    deps:
    - path: config/main.yaml
      md5: aa537d42e3ee6091046c11af005ad4ab
      size: 716
    - path: config/model
      md5: 5fb7743a501989904fd1d414fd0319da.dir
      size: 685
      nfiles: 2
    - path: data/processed
      md5: 5961fa11f7aee4b7fee8bec728c5acf8.dir
      size: 172411
      nfiles: 5
    - path: src/train_model.py
      md5: e193544d92b8eba2027dad8bd6d3e420
      size: 4391
    outs:
    - path: data/final
      md5: 6ffbaaad7b4ac6e1afabed19a80b2560.dir
      size: 0
      nfiles: 1
    - path: models
      md5: 1def18f8935d121be20d5d92257bfed8.dir
      size: 23422
      nfiles: 2
