schema: '2.0'
stages:
  process_data:
    cmd: python src/process.py
    deps:
    - path: config/main.yaml
      md5: aa537d42e3ee6091046c11af005ad4ab
      size: 716
    - path: config/process
      md5: d851ce603caeba63f69b38a8b07ea56f.dir
      size: 225
      nfiles: 2
    - path: data/raw
      md5: 4fab2c71b869451ea58f8c4aeb16b2b3.dir
      size: 195247
      nfiles: 2
    - path: src/process.py
      md5: 2a1c46e788af8cb90b997e71d3b2a3e5
      size: 1416
    outs:
    - path: data/processed
      md5: 5961fa11f7aee4b7fee8bec728c5acf8.dir
      size: 172411
      nfiles: 5
  train_model:
    cmd: python src/train_model.py
    deps:
    - path: config/main.yaml
      md5: aa537d42e3ee6091046c11af005ad4ab
      size: 716
    - path: config/model
      md5: d24549d2ecffb88a593fc4a1eeb503c2.dir
      size: 342
      nfiles: 1
    - path: data/processed
      md5: 5961fa11f7aee4b7fee8bec728c5acf8.dir
      size: 172411
      nfiles: 5
    - path: src/train_model.py
      md5: 29b258680d76a7f0eeba543a1955e3ef
      size: 4451
    outs:
    - path: data/final
      md5: 6ffbaaad7b4ac6e1afabed19a80b2560.dir
      size: 0
      nfiles: 1
    - path: models
      md5: 4aa3d6b95888f41bbc7f3291b97e84fc.dir
      size: 34796
      nfiles: 2
